
Microsoft Visual Studio Solution File, Format Version 12.00
# Visual Studio Version 17
VisualStudioVersion = 17.8.34525.116
MinimumVisualStudioVersion = 10.0.40219.1
Project("{FAE04EC0-301F-11D3-BF4B-00C04F79EFBC}") = "SmartSmsParser", "SmartSmsParser.csproj", "{9BD9BD69-0E01-4888-8545-A8482FD74F4E}"
EndProject
Global
	GlobalSection(SolutionConfigurationPlatforms) = preSolution
		Debug|Any CPU = Debug|Any CPU
		Release|Any CPU = Release|Any CPU
	EndGlobalSection
	GlobalSection(ProjectConfigurationPlatforms) = postSolution
		{9BD9BD69-0E01-4888-8545-A8482FD74F4E}.Debug|Any CPU.ActiveCfg = Debug|Any CPU
		{9BD9BD69-0E01-4888-8545-A8482FD74F4E}.Debug|Any CPU.Build.0 = Debug|Any CPU
		{9BD9BD69-0E01-4888-8545-A8482FD74F4E}.Release|Any CPU.ActiveCfg = Release|Any CPU
		{9BD9BD69-0E01-4888-8545-A8482FD74F4E}.Release|Any CPU.Build.0 = Release|Any CPU
	EndGlobalSection
	GlobalSection(SolutionProperties) = preSolution
		HideSolutionNode = FALSE
	EndGlobalSection
	GlobalSection(ExtensibilityGlobals) = postSolution
		SolutionGuid = {EBE2F4F9-2B69-407A-BC56-F29A7102F40D}
	EndGlobalSection
EndGlobal
